{
  "name": "extract-version-from-tag-action",
  "version": "1.0.0",
  "lockfileVersion": 2,
  "requires": true,
  "packages": {
    "": {
      "version": "1.0.0",
      "license": "ISC",
      "dependencies": {
        "@actions/core": "^1.4.0",
        "@actions/exec": "^1.1.0"
      },
      "devDependencies": {
        "@types/node": "^14.17.4"
      }
    },
    "node_modules/@actions/core": {
      "version": "1.4.0",
      "resolved": "https://registry.npmjs.org/@actions/core/-/core-1.4.0.tgz",
      "integrity": "sha512-CGx2ilGq5i7zSLgiiGUtBCxhRRxibJYU6Fim0Q1Wg2aQL2LTnF27zbqZOrxfvFQ55eSBW0L8uVStgtKMpa0Qlg==",
      "license": "MIT"
    },
    "node_modules/@actions/exec": {
      "version": "1.1.0",
      "resolved": "https://registry.npmjs.org/@actions/exec/-/exec-1.1.0.tgz",
      "integrity": "sha512-LImpN9AY0J1R1mEYJjVJfSZWU4zYOlEcwSTgPve1rFQqK5AwrEs6uWW5Rv70gbDIQIAUwI86z6B+9mPK4w9Sbg==",
      "license": "MIT",
      "dependencies": {
        "@actions/io": "^1.0.1"
      }
    },
    "node_modules/@actions/io": {
      "version": "1.1.0",
      "resolved": "https://registry.npmjs.org/@actions/io/-/io-1.1.0.tgz",
      "integrity": "sha512-PspSX7Z9zh2Fyyuf3F6BsYeXcYHfc/VJ1vwy2vouas95efHVd42M6UfBFRs+jY0uiMDXhAoUtATn9g2r1MaWBQ=="
    },
    "node_modules/@types/node": {
      "version": "14.17.4",
      "resolved": "https://registry.npmjs.org/@types/node/-/node-14.17.4.tgz",
      "integrity": "sha512-8kQ3+wKGRNN0ghtEn7EGps/B8CzuBz1nXZEIGGLP2GnwbqYn4dbTs7k+VKLTq1HvZLRCIDtN3Snx1Ege8B7L5A==",
      "dev": true
    }
  },
  "dependencies": {
    "@actions/core": {
      "version": "1.4.0",
      "resolved": "https://registry.npmjs.org/@actions/core/-/core-1.4.0.tgz",
      "integrity": "sha512-CGx2ilGq5i7zSLgiiGUtBCxhRRxibJYU6Fim0Q1Wg2aQL2LTnF27zbqZOrxfvFQ55eSBW0L8uVStgtKMpa0Qlg=="
    },
    "@actions/exec": {
      "version": "1.1.0",
      "resolved": "https://registry.npmjs.org/@actions/exec/-/exec-1.1.0.tgz",
      "integrity": "sha512-LImpN9AY0J1R1mEYJjVJfSZWU4zYOlEcwSTgPve1rFQqK5AwrEs6uWW5Rv70gbDIQIAUwI86z6B+9mPK4w9Sbg==",
      "requires": {
        "@actions/io": "^1.0.1"
      }
    },
    "@actions/io": {
      "version": "1.1.0",
      "resolved": "https://registry.npmjs.org/@actions/io/-/io-1.1.0.tgz",
      "integrity": "sha512-PspSX7Z9zh2Fyyuf3F6BsYeXcYHfc/VJ1vwy2vouas95efHVd42M6UfBFRs+jY0uiMDXhAoUtATn9g2r1MaWBQ=="
    },
    "@types/node": {
      "version": "14.17.4",
      "resolved": "https://registry.npmjs.org/@types/node/-/node-14.17.4.tgz",
      "integrity": "sha512-8kQ3+wKGRNN0ghtEn7EGps/B8CzuBz1nXZEIGGLP2GnwbqYn4dbTs7k+VKLTq1HvZLRCIDtN3Snx1Ege8B7L5A==",
      "dev": true
    }
  }
}
